# THIS IS AN AUTOGENERATED FILE. DO NOT EDIT THIS FILE DIRECTLY.
# yarn lockfile v1


"husky@^7.0.1":
  "integrity" "sha512-vbaCKN2QLtP/vD4yvs6iz6hBEo6wkSzs8HpRah1Z6aGmF2KW5PdYuAd7uX5a+OyBZHBhd+TFLqgjUgytQr4RvQ=="
  "resolved" "https://registry.npmjs.org/husky/-/husky-7.0.4.tgz"
  "version" "7.0.4"
