# THIS IS AN AUTOGENERATED FILE. DO NOT EDIT THIS FILE DIRECTLY.
# yarn lockfile v1


"@types/lodash@^4.14.186":
  version "4.14.186"
  resolved "https://registry.yarnpkg.com/@types/lodash/-/lodash-4.14.186.tgz#862e5514dd7bd66ada6c70ee5fce844b06c8ee97"
  integrity sha512-eHcVlLXP0c2FlMPm56ITode2AgLMSa6aJ05JTTbYbI+7EMkCEE5qk2E41d5g2lCVTqRe0GnnRFurmlCsDODrPw==

"@types/node@^18.7.17":
  version "18.7.17"
  resolved "https://registry.yarnpkg.com/@types/node/-/node-18.7.17.tgz#52438111ea98f77475470fc62d79b9eb96bb2c92"
  integrity sha512-0UyfUnt02zIuqp7yC8RYtDkp/vo8bFaQ13KkSEvUAohPOAlnVNbj5Fi3fgPSuwzakS+EvvnnZ4x9y7i6ASaSPQ==

"@types/uuid@^8.3.4":
  version "8.3.4"
  resolved "https://registry.yarnpkg.com/@types/uuid/-/uuid-8.3.4.tgz#bd86a43617df0594787d38b735f55c805becf1bc"
  integrity sha512-c/I8ZRb51j+pYGAu5CrFMRxqZ2ke4y2grEBO5AUjgSkSk+qT2Ea+OdWElz/OiMf5MNpn2b17kuVBwZLQJXzihw==

"@workadventure/math-utils@link:../math-utils":
  version "0.0.0"
  uid ""

"@workadventure/tiled-map-type-guard@^2.0.4":
  version "2.0.5"
  resolved "https://registry.yarnpkg.com/@workadventure/tiled-map-type-guard/-/tiled-map-type-guard-2.0.5.tgz#e4158770fd1b046cb211343da4e7bb7926112e6d"
  integrity sha512-6qQ5B224nVwfZEwUT2jMFY1uR4czg4wvHB6FU6UEA9TmE7qK0MCph7aqedWifLRkq/Q+9ntAKFmvV6rqfweBcA==
  dependencies:
    zod "^3.17.3"

lodash@^4.17.21:
  version "4.17.21"
  resolved "https://registry.yarnpkg.com/lodash/-/lodash-4.17.21.tgz#679591c564c3bffaae8454cf0b3df370c3d6911c"
  integrity sha512-v2kDEe57lecTulaDIuNTPy3Ry4gLGJ6Z1O3vE1krgXZNrsQ+LFTGHVxVjcXPs17LhbZVGedAJv8XZ1tvj5FvSg==

typescript@^4.7.2:
  version "4.8.3"
  resolved "https://registry.yarnpkg.com/typescript/-/typescript-4.8.3.tgz#d59344522c4bc464a65a730ac695007fdb66dd88"
  integrity sha512-goMHfm00nWPa8UvR/CPSvykqf6dVV8x/dp0c5mFTMTIu0u0FlGWRioyy7Nn0PGAdHxpJZnuO/ut+PpQ8UiHAig==

uuid@^9.0.0:
  version "9.0.0"
  resolved "https://registry.yarnpkg.com/uuid/-/uuid-9.0.0.tgz#592f550650024a38ceb0c562f2f6aa435761efb5"
  integrity sha512-MXcSTerfPa4uqyzStbRoTgt5XIe3x5+42+q1sDuy3R5MDk66URdLMOZe5aPX/SQd+kuYAh0FdP/pO28IkQyTeg==

zod@^3.17.3:
  version "3.17.10"
  resolved "https://registry.yarnpkg.com/zod/-/zod-3.17.10.tgz#8716a05e6869df6faaa878a44ffe3c79e615defb"
  integrity sha512-IHXnQYQuOOOL/XgHhgl8YjNxBHi3xX0mVcHmqsvJgcxKkEczPshoWdxqyFwsARpf41E0v9U95WUROqsHHxt0UQ==
