# THIS IS AN AUTOGENERATED FILE. DO NOT EDIT THIS FILE DIRECTLY.
# yarn lockfile v1


"@types/node@^18.7.17":
  version "18.7.17"
  resolved "https://registry.yarnpkg.com/@types/node/-/node-18.7.17.tgz#52438111ea98f77475470fc62d79b9eb96bb2c92"
  integrity sha512-0UyfUnt02zIuqp7yC8RYtDkp/vo8bFaQ13KkSEvUAohPOAlnVNbj5Fi3fgPSuwzakS+EvvnnZ4x9y7i6ASaSPQ==

"@types/uuid@^8.3.4":
  version "8.3.4"
  resolved "https://registry.yarnpkg.com/@types/uuid/-/uuid-8.3.4.tgz#bd86a43617df0594787d38b735f55c805becf1bc"
  integrity sha512-c/I8ZRb51j+pYGAu5CrFMRxqZ2ke4y2grEBO5AUjgSkSk+qT2Ea+OdWElz/OiMf5MNpn2b17kuVBwZLQJXzihw==

"@workadventure/math-utils@link:../math-utils":
  version "0.0.0"
  uid ""

"@workadventure/tiled-map-type-guard@^2.0.6":
  version "2.0.6"
  resolved "https://registry.yarnpkg.com/@workadventure/tiled-map-type-guard/-/tiled-map-type-guard-2.0.6.tgz#792bf242720c4bc5ab2f7d2d2c1bd2e647bca151"
  integrity sha512-DujJlMxHx3Vd3icjIxf/eVbaOrnHR0A8GaYgQOLyhsmhY+Uz3j86NO95eS4I+GkkB4xFUR4K6xWQb1wBtVwt4w==
  dependencies:
    zod "^3.17.3"

typescript@^4.7.2:
  version "4.8.3"
  resolved "https://registry.yarnpkg.com/typescript/-/typescript-4.8.3.tgz#d59344522c4bc464a65a730ac695007fdb66dd88"
  integrity sha512-goMHfm00nWPa8UvR/CPSvykqf6dVV8x/dp0c5mFTMTIu0u0FlGWRioyy7Nn0PGAdHxpJZnuO/ut+PpQ8UiHAig==

uuid@^9.0.0:
  version "9.0.0"
  resolved "https://registry.yarnpkg.com/uuid/-/uuid-9.0.0.tgz#592f550650024a38ceb0c562f2f6aa435761efb5"
  integrity sha512-MXcSTerfPa4uqyzStbRoTgt5XIe3x5+42+q1sDuy3R5MDk66URdLMOZe5aPX/SQd+kuYAh0FdP/pO28IkQyTeg==

zod@^3.17.3:
  version "3.17.10"
  resolved "https://registry.yarnpkg.com/zod/-/zod-3.17.10.tgz#8716a05e6869df6faaa878a44ffe3c79e615defb"
  integrity sha512-IHXnQYQuOOOL/XgHhgl8YjNxBHi3xX0mVcHmqsvJgcxKkEczPshoWdxqyFwsARpf41E0v9U95WUROqsHHxt0UQ==
