# THIS IS AN AUTOGENERATED FILE. DO NOT EDIT THIS FILE DIRECTLY.
# yarn lockfile v1


"@workadventure/math-utils@link:../math-utils":
  version "0.0.0"
  uid ""

"@workadventure/tiled-map-type-guard@^2.0.4":
  version "2.0.5"
  resolved "https://registry.yarnpkg.com/@workadventure/tiled-map-type-guard/-/tiled-map-type-guard-2.0.5.tgz#e4158770fd1b046cb211343da4e7bb7926112e6d"
  integrity sha512-6qQ5B224nVwfZEwUT2jMFY1uR4czg4wvHB6FU6UEA9TmE7qK0MCph7aqedWifLRkq/Q+9ntAKFmvV6rqfweBcA==
  dependencies:
    zod "^3.17.3"

zod@^3.17.3:
  version "3.17.10"
  resolved "https://registry.yarnpkg.com/zod/-/zod-3.17.10.tgz#8716a05e6869df6faaa878a44ffe3c79e615defb"
  integrity sha512-IHXnQYQuOOOL/XgHhgl8YjNxBHi3xX0mVcHmqsvJgcxKkEczPshoWdxqyFwsARpf41E0v9U95WUROqsHHxt0UQ==
