# THIS IS AN AUTOGENERATED FILE. DO NOT EDIT THIS FILE DIRECTLY.
# yarn lockfile v1


"@workadventure/iframe-api-typings@^1.4.15":
  version "1.5.2"
  resolved "https://registry.yarnpkg.com/@workadventure/iframe-api-typings/-/iframe-api-typings-1.5.2.tgz#f3fe3e90c80ba3edcd52acb783ef4029429642fb"
  integrity sha512-ji2vtOmIDHOqPSQkBn17mG5gAZxCcOpQtFmsTWTZlfO3oPUPEbO2PQ/ANkI8t5KqYV66TqlxojmKvVYerDoqEQ==
