dependencies:
- name: redis
  repository: https://charts.bitnami.com/bitnami
  version: 17.11.7
- name: common
  repository: oci://registry-1.docker.io/bitnamicharts
  version: 2.16.1
digest: sha256:703dcd72c9369b53c50235892b96d15ab0d8e8fe4d31e2230f45d9cdd7f59546
generated: "2024-03-01T09:26:19.339504712+01:00"
